
Microsoft Visual Studio Solution File, Format Version 12.00
# Visual Studio Version 16
VisualStudioVersion = 16.0.31410.357
MinimumVisualStudioVersion = 10.0.40219.1
Project("{FAE04EC0-301F-11D3-BF4B-00C04F79EFBC}") = "GradingSystem", "GradingSystem\GradingSystem.csproj", "{7D858BC0-5211-4F2B-AA37-013196088904}"
EndProject
Global
	GlobalSection(SolutionConfigurationPlatforms) = preSolution
		Debug|Any CPU = Debug|Any CPU
		Release|Any CPU = Release|Any CPU
	EndGlobalSection
	GlobalSection(ProjectConfigurationPlatforms) = postSolution
		{7D858BC0-5211-4F2B-AA37-013196088904}.Debug|Any CPU.ActiveCfg = Debug|Any CPU
		{7D858BC0-5211-4F2B-AA37-013196088904}.Debug|Any CPU.Build.0 = Debug|Any CPU
		{7D858BC0-5211-4F2B-AA37-013196088904}.Release|Any CPU.ActiveCfg = Release|Any CPU
		{7D858BC0-5211-4F2B-AA37-013196088904}.Release|Any CPU.Build.0 = Release|Any CPU
	EndGlobalSection
	GlobalSection(SolutionProperties) = preSolution
		HideSolutionNode = FALSE
	EndGlobalSection
	GlobalSection(ExtensibilityGlobals) = postSolution
		SolutionGuid = {23E1359D-4401-478B-AD5E-979F18AB88F6}
	EndGlobalSection
EndGlobal
